Microsoft Visual Studio Solution File, Format Version 12.00
# Visual Studio Version 18
VisualStudioVersion = 18.9.12112.369 stable
MinimumVisualStudioVersion = 10.0.40219.1
Project("{FAE04EC0-301F-11D3-BF4B-00C04F79EFBC}") = "TicTacToeWPF", "TicTacToeWPF\TicTacToeWPF.csproj", "{F91F0CDA-8C45-4B8A-BA58-34FBDAD6641C}"
EndProject
Global
	GlobalSection(SolutionConfigurationPlatforms) = preSolution
		Debug|Any CPU = Debug|Any CPU
		Release|Any CPU = Release|Any CPU
	EndGlobalSection
	GlobalSection(ProjectConfigurationPlatforms) = postSolution
		{F91F0CDA-8C45-4B8A-BA58-34FBDAD6641C}.Debug|Any CPU.ActiveCfg = Debug|Any CPU
		{F91F0CDA-8C45-4B8A-BA58-34FBDAD6641C}.Debug|Any CPU.Build.0 = Debug|Any CPU
		{F91F0CDA-8C45-4B8A-BA58-34FBDAD6641C}.Release|Any CPU.ActiveCfg = Release|Any CPU
		{F91F0CDA-8C45-4B8A-BA58-34FBDAD6641C}.Release|Any CPU.Build.0 = Release|Any CPU
	EndGlobalSection
	GlobalSection(SolutionProperties) = preSolution
		HideSolutionNode = FALSE
	EndGlobalSection
	GlobalSection(CoreCulture) = preSolution
		CultureVersion = 1.0.0.0
	EndGlobalSection
EndGlobal
